
Microsoft Visual Studio Solution File, Format Version 12.00
# Visual Studio 2012
Project("{FAE04EC0-301F-11D3-BF4B-00C04F79EFBC}") = "Test1", "Test1.csproj", "{F12CEEFE-99B8-4E18-8F5D-FB113A19CEAA}"
EndProject
Global
	GlobalSection(SolutionConfigurationPlatforms) = preSolution
		Debug|Any CPU = Debug|Any CPU
		Release|Any CPU = Release|Any CPU
	EndGlobalSection
	GlobalSection(ProjectConfigurationPlatforms) = postSolution
		{F12CEEFE-99B8-4E18-8F5D-FB113A19CEAA}.Debug|Any CPU.ActiveCfg = Debug|Any CPU
		{F12CEEFE-99B8-4E18-8F5D-FB113A19CEAA}.Debug|Any CPU.Build.0 = Debug|Any CPU
		{F12CEEFE-99B8-4E18-8F5D-FB113A19CEAA}.Release|Any CPU.ActiveCfg = Release|Any CPU
		{F12CEEFE-99B8-4E18-8F5D-FB113A19CEAA}.Release|Any CPU.Build.0 = Release|Any CPU
	EndGlobalSection
EndGlobal
