
Microsoft Visual Studio Solution File, Format Version 12.00
# Visual Studio 14
VisualStudioVersion = 14.0.23107.0
MinimumVisualStudioVersion = 10.0.40219.1
Project("{FAE04EC0-301F-11D3-BF4B-00C04F79EFBC}") = "AndroidStandardControls", "AndroidStandardControls\AndroidStandardControls.csproj", "{BB3E2E74-C763-4CE8-A2E0-757BC0BE12EA}"
EndProject
Project("{FAE04EC0-301F-11D3-BF4B-00C04F79EFBC}") = "iOSStandardControls", "iOSStandardControls\iOSStandardControls.csproj", "{42F47640-1879-403C-9F7E-E1CDAEE2D5C4}"
EndProject
Global
	GlobalSection(SolutionConfigurationPlatforms) = preSolution
		Debug|Any CPU = Debug|Any CPU
		Debug|iPhone = Debug|iPhone
		Debug|iPhoneSimulator = Debug|iPhoneSimulator
		Release|Any CPU = Release|Any CPU
		Release|iPhone = Release|iPhone
		Release|iPhoneSimulator = Release|iPhoneSimulator
	EndGlobalSection
	GlobalSection(ProjectConfigurationPlatforms) = postSolution
		{BB3E2E74-C763-4CE8-A2E0-757BC0BE12EA}.Debug|Any CPU.ActiveCfg = Debug|Any CPU
		{BB3E2E74-C763-4CE8-A2E0-757BC0BE12EA}.Debug|Any CPU.Build.0 = Debug|Any CPU
		{BB3E2E74-C763-4CE8-A2E0-757BC0BE12EA}.Debug|Any CPU.Deploy.0 = Debug|Any CPU
		{BB3E2E74-C763-4CE8-A2E0-757BC0BE12EA}.Debug|iPhone.ActiveCfg = Debug|Any CPU
		{BB3E2E74-C763-4CE8-A2E0-757BC0BE12EA}.Debug|iPhone.Build.0 = Debug|Any CPU
		{BB3E2E74-C763-4CE8-A2E0-757BC0BE12EA}.Debug|iPhone.Deploy.0 = Debug|Any CPU
		{BB3E2E74-C763-4CE8-A2E0-757BC0BE12EA}.Debug|iPhoneSimulator.ActiveCfg = Debug|Any CPU
		{BB3E2E74-C763-4CE8-A2E0-757BC0BE12EA}.Debug|iPhoneSimulator.Build.0 = Debug|Any CPU
		{BB3E2E74-C763-4CE8-A2E0-757BC0BE12EA}.Debug|iPhoneSimulator.Deploy.0 = Debug|Any CPU
		{BB3E2E74-C763-4CE8-A2E0-757BC0BE12EA}.Release|Any CPU.ActiveCfg = Release|Any CPU
		{BB3E2E74-C763-4CE8-A2E0-757BC0BE12EA}.Release|Any CPU.Build.0 = Release|Any CPU
		{BB3E2E74-C763-4CE8-A2E0-757BC0BE12EA}.Release|Any CPU.Deploy.0 = Release|Any CPU
		{BB3E2E74-C763-4CE8-A2E0-757BC0BE12EA}.Release|iPhone.ActiveCfg = Release|Any CPU
		{BB3E2E74-C763-4CE8-A2E0-757BC0BE12EA}.Release|iPhone.Build.0 = Release|Any CPU
		{BB3E2E74-C763-4CE8-A2E0-757BC0BE12EA}.Release|iPhone.Deploy.0 = Release|Any CPU
		{BB3E2E74-C763-4CE8-A2E0-757BC0BE12EA}.Release|iPhoneSimulator.ActiveCfg = Release|Any CPU
		{BB3E2E74-C763-4CE8-A2E0-757BC0BE12EA}.Release|iPhoneSimulator.Build.0 = Release|Any CPU
		{BB3E2E74-C763-4CE8-A2E0-757BC0BE12EA}.Release|iPhoneSimulator.Deploy.0 = Release|Any CPU
		{42F47640-1879-403C-9F7E-E1CDAEE2D5C4}.Debug|Any CPU.ActiveCfg = Debug|iPhoneSimulator
		{42F47640-1879-403C-9F7E-E1CDAEE2D5C4}.Debug|Any CPU.Build.0 = Debug|iPhoneSimulator
		{42F47640-1879-403C-9F7E-E1CDAEE2D5C4}.Debug|iPhone.ActiveCfg = Debug|iPhone
		{42F47640-1879-403C-9F7E-E1CDAEE2D5C4}.Debug|iPhone.Build.0 = Debug|iPhone
		{42F47640-1879-403C-9F7E-E1CDAEE2D5C4}.Debug|iPhoneSimulator.ActiveCfg = Debug|iPhoneSimulator
		{42F47640-1879-403C-9F7E-E1CDAEE2D5C4}.Debug|iPhoneSimulator.Build.0 = Debug|iPhoneSimulator
		{42F47640-1879-403C-9F7E-E1CDAEE2D5C4}.Release|Any CPU.ActiveCfg = Release|iPhoneSimulator
		{42F47640-1879-403C-9F7E-E1CDAEE2D5C4}.Release|Any CPU.Build.0 = Release|iPhoneSimulator
		{42F47640-1879-403C-9F7E-E1CDAEE2D5C4}.Release|iPhone.ActiveCfg = Release|iPhone
		{42F47640-1879-403C-9F7E-E1CDAEE2D5C4}.Release|iPhone.Build.0 = Release|iPhone
		{42F47640-1879-403C-9F7E-E1CDAEE2D5C4}.Release|iPhoneSimulator.ActiveCfg = Release|iPhoneSimulator
		{42F47640-1879-403C-9F7E-E1CDAEE2D5C4}.Release|iPhoneSimulator.Build.0 = Release|iPhoneSimulator
	EndGlobalSection
	GlobalSection(SolutionProperties) = preSolution
		HideSolutionNode = FALSE
	EndGlobalSection
	GlobalSection(MonoDevelopProperties) = preSolution
		StartupItem = iOSStandardControls\iOSStandardControls.csproj
	EndGlobalSection
EndGlobal
